
Microsoft Visual Studio Solution File, Format Version 12.00
# Visual Studio Version 16
VisualStudioVersion = 16.0.29020.237
MinimumVisualStudioVersion = 10.0.40219.1
Project("{FAE04EC0-301F-11D3-BF4B-00C04F79EFBC}") = "Programación 6-4-22", "Programación 6-4-22\Programación 6-4-22.csproj", "{46AEE969-E90E-4BCF-83DD-4D4036634561}"
EndProject
Global
	GlobalSection(SolutionConfigurationPlatforms) = preSolution
		Debug|Any CPU = Debug|Any CPU
		Release|Any CPU = Release|Any CPU
	EndGlobalSection
	GlobalSection(ProjectConfigurationPlatforms) = postSolution
		{46AEE969-E90E-4BCF-83DD-4D4036634561}.Debug|Any CPU.ActiveCfg = Debug|Any CPU
		{46AEE969-E90E-4BCF-83DD-4D4036634561}.Debug|Any CPU.Build.0 = Debug|Any CPU
		{46AEE969-E90E-4BCF-83DD-4D4036634561}.Release|Any CPU.ActiveCfg = Release|Any CPU
		{46AEE969-E90E-4BCF-83DD-4D4036634561}.Release|Any CPU.Build.0 = Release|Any CPU
	EndGlobalSection
	GlobalSection(SolutionProperties) = preSolution
		HideSolutionNode = FALSE
	EndGlobalSection
	GlobalSection(ExtensibilityGlobals) = postSolution
		SolutionGuid = {D823B54C-52C7-4A0C-BB18-DEB624383B8B}
	EndGlobalSection
EndGlobal
