
Microsoft Visual Studio Solution File, Format Version 12.00
# Visual Studio Version 16
VisualStudioVersion = 16.0.29020.237
MinimumVisualStudioVersion = 10.0.40219.1
Project("{FAE04EC0-301F-11D3-BF4B-00C04F79EFBC}") = "Programación 30-3-22", "Programación 30-3-22\Programación 30-3-22.csproj", "{D176A1BE-755F-4707-8C5B-30061C1A651F}"
EndProject
Global
	GlobalSection(SolutionConfigurationPlatforms) = preSolution
		Debug|Any CPU = Debug|Any CPU
		Release|Any CPU = Release|Any CPU
	EndGlobalSection
	GlobalSection(ProjectConfigurationPlatforms) = postSolution
		{D176A1BE-755F-4707-8C5B-30061C1A651F}.Debug|Any CPU.ActiveCfg = Debug|Any CPU
		{D176A1BE-755F-4707-8C5B-30061C1A651F}.Debug|Any CPU.Build.0 = Debug|Any CPU
		{D176A1BE-755F-4707-8C5B-30061C1A651F}.Release|Any CPU.ActiveCfg = Release|Any CPU
		{D176A1BE-755F-4707-8C5B-30061C1A651F}.Release|Any CPU.Build.0 = Release|Any CPU
	EndGlobalSection
	GlobalSection(SolutionProperties) = preSolution
		HideSolutionNode = FALSE
	EndGlobalSection
	GlobalSection(ExtensibilityGlobals) = postSolution
		SolutionGuid = {8E168289-1C17-465E-A5E5-B705385B3668}
	EndGlobalSection
EndGlobal
